
Microsoft Visual Studio Solution File, Format Version 12.00
# Visual Studio Version 16
VisualStudioVersion = 16.0.29123.88
MinimumVisualStudioVersion = 10.0.40219.1
Project("{FAE04EC0-301F-11D3-BF4B-00C04F79EFBC}") = "LaCucina.Android", "Cookbook_App\Cookbook_App.Android\LaCucina.Android.csproj", "{F9120190-7220-427F-B399-7BECA82C7AED}"
EndProject
Project("{FAE04EC0-301F-11D3-BF4B-00C04F79EFBC}") = "LaCucina.iOS", "Cookbook_App\Cookbook_App.iOS\LaCucina.iOS.csproj", "{3CB69874-4C3C-48E7-A6E4-66EB9F3DFA08}"
EndProject
Project("{FAE04EC0-301F-11D3-BF4B-00C04F79EFBC}") = "LaCucina.UWP", "Cookbook_App\Cookbook_App.UWP\LaCucina.UWP.csproj", "{52F22F0E-4BE1-42DC-9D0E-ADAE37AEF6D5}"
EndProject
Project("{9A19103F-16F7-4668-BE54-9A1E7A4F7556}") = "LaCucina", "Cookbook_App\Cookbook_App\LaCucina.csproj", "{04DD66CD-CA51-4BC2-9AA3-D56B5652CBCF}"
EndProject
Global
	GlobalSection(SolutionConfigurationPlatforms) = preSolution
		Ad-Hoc|Any CPU = Ad-Hoc|Any CPU
		Ad-Hoc|ARM = Ad-Hoc|ARM
		Ad-Hoc|iPhone = Ad-Hoc|iPhone
		Ad-Hoc|iPhoneSimulator = Ad-Hoc|iPhoneSimulator
		Ad-Hoc|x64 = Ad-Hoc|x64
		Ad-Hoc|x86 = Ad-Hoc|x86
		AppStore|Any CPU = AppStore|Any CPU
		AppStore|ARM = AppStore|ARM
		AppStore|iPhone = AppStore|iPhone
		AppStore|iPhoneSimulator = AppStore|iPhoneSimulator
		AppStore|x64 = AppStore|x64
		AppStore|x86 = AppStore|x86
		Debug|Any CPU = Debug|Any CPU
		Debug|ARM = Debug|ARM
		Debug|iPhone = Debug|iPhone
		Debug|iPhoneSimulator = Debug|iPhoneSimulator
		Debug|x64 = Debug|x64
		Debug|x86 = Debug|x86
		Release|Any CPU = Release|Any CPU
		Release|ARM = Release|ARM
		Release|iPhone = Release|iPhone
		Release|iPhoneSimulator = Release|iPhoneSimulator
		Release|x64 = Release|x64
		Release|x86 = Release|x86
	EndGlobalSection
	GlobalSection(ProjectConfigurationPlatforms) = postSolution
		{F9120190-7220-427F-B399-7BECA82C7AED}.Ad-Hoc|Any CPU.ActiveCfg = Release|Any CPU
		{F9120190-7220-427F-B399-7BECA82C7AED}.Ad-Hoc|Any CPU.Build.0 = Release|Any CPU
		{F9120190-7220-427F-B399-7BECA82C7AED}.Ad-Hoc|Any CPU.Deploy.0 = Release|Any CPU
		{F9120190-7220-427F-B399-7BECA82C7AED}.Ad-Hoc|ARM.ActiveCfg = Release|Any CPU
		{F9120190-7220-427F-B399-7BECA82C7AED}.Ad-Hoc|ARM.Build.0 = Release|Any CPU
		{F9120190-7220-427F-B399-7BECA82C7AED}.Ad-Hoc|ARM.Deploy.0 = Release|Any CPU
		{F9120190-7220-427F-B399-7BECA82C7AED}.Ad-Hoc|iPhone.ActiveCfg = Release|Any CPU
		{F9120190-7220-427F-B399-7BECA82C7AED}.Ad-Hoc|iPhone.Build.0 = Release|Any CPU
		{F9120190-7220-427F-B399-7BECA82C7AED}.Ad-Hoc|iPhone.Deploy.0 = Release|Any CPU
		{F9120190-7220-427F-B399-7BECA82C7AED}.Ad-Hoc|iPhoneSimulator.ActiveCfg = Release|Any CPU
		{F9120190-7220-427F-B399-7BECA82C7AED}.Ad-Hoc|iPhoneSimulator.Build.0 = Release|Any CPU
		{F9120190-7220-427F-B399-7BECA82C7AED}.Ad-Hoc|iPhoneSimulator.Deploy.0 = Release|Any CPU
		{F9120190-7220-427F-B399-7BECA82C7AED}.Ad-Hoc|x64.ActiveCfg = Release|Any CPU
		{F9120190-7220-427F-B399-7BECA82C7AED}.Ad-Hoc|x64.Build.0 = Release|Any CPU
		{F9120190-7220-427F-B399-7BECA82C7AED}.Ad-Hoc|x64.Deploy.0 = Release|Any CPU
		{F9120190-7220-427F-B399-7BECA82C7AED}.Ad-Hoc|x86.ActiveCfg = Release|Any CPU
		{F9120190-7220-427F-B399-7BECA82C7AED}.Ad-Hoc|x86.Build.0 = Release|Any CPU
		{F9120190-7220-427F-B399-7BECA82C7AED}.Ad-Hoc|x86.Deploy.0 = Release|Any CPU
		{F9120190-7220-427F-B399-7BECA82C7AED}.AppStore|Any CPU.ActiveCfg = Release|Any CPU
		{F9120190-7220-427F-B399-7BECA82C7AED}.AppStore|Any CPU.Build.0 = Release|Any CPU
		{F9120190-7220-427F-B399-7BECA82C7AED}.AppStore|Any CPU.Deploy.0 = Release|Any CPU
		{F9120190-7220-427F-B399-7BECA82C7AED}.AppStore|ARM.ActiveCfg = Release|Any CPU
		{F9120190-7220-427F-B399-7BECA82C7AED}.AppStore|ARM.Build.0 = Release|Any CPU
		{F9120190-7220-427F-B399-7BECA82C7AED}.AppStore|ARM.Deploy.0 = Release|Any CPU
		{F9120190-7220-427F-B399-7BECA82C7AED}.AppStore|iPhone.ActiveCfg = Release|Any CPU
		{F9120190-7220-427F-B399-7BECA82C7AED}.AppStore|iPhone.Build.0 = Release|Any CPU
		{F9120190-7220-427F-B399-7BECA82C7AED}.AppStore|iPhone.Deploy.0 = Release|Any CPU
		{F9120190-7220-427F-B399-7BECA82C7AED}.AppStore|iPhoneSimulator.ActiveCfg = Release|Any CPU
		{F9120190-7220-427F-B399-7BECA82C7AED}.AppStore|iPhoneSimulator.Build.0 = Release|Any CPU
		{F9120190-7220-427F-B399-7BECA82C7AED}.AppStore|iPhoneSimulator.Deploy.0 = Release|Any CPU
		{F9120190-7220-427F-B399-7BECA82C7AED}.AppStore|x64.ActiveCfg = Release|Any CPU
		{F9120190-7220-427F-B399-7BECA82C7AED}.AppStore|x64.Build.0 = Release|Any CPU
		{F9120190-7220-427F-B399-7BECA82C7AED}.AppStore|x64.Deploy.0 = Release|Any CPU
		{F9120190-7220-427F-B399-7BECA82C7AED}.AppStore|x86.ActiveCfg = Release|Any CPU
		{F9120190-7220-427F-B399-7BECA82C7AED}.AppStore|x86.Build.0 = Release|Any CPU
		{F9120190-7220-427F-B399-7BECA82C7AED}.AppStore|x86.Deploy.0 = Release|Any CPU
		{F9120190-7220-427F-B399-7BECA82C7AED}.Debug|Any CPU.ActiveCfg = Debug|Any CPU
		{F9120190-7220-427F-B399-7BECA82C7AED}.Debug|Any CPU.Build.0 = Debug|Any CPU
		{F9120190-7220-427F-B399-7BECA82C7AED}.Debug|Any CPU.Deploy.0 = Debug|Any CPU
		{F9120190-7220-427F-B399-7BECA82C7AED}.Debug|ARM.ActiveCfg = Debug|Any CPU
		{F9120190-7220-427F-B399-7BECA82C7AED}.Debug|ARM.Build.0 = Debug|Any CPU
		{F9120190-7220-427F-B399-7BECA82C7AED}.Debug|ARM.Deploy.0 = Debug|Any CPU
		{F9120190-7220-427F-B399-7BECA82C7AED}.Debug|iPhone.ActiveCfg = Debug|Any CPU
		{F9120190-7220-427F-B399-7BECA82C7AED}.Debug|iPhone.Build.0 = Debug|Any CPU
		{F9120190-7220-427F-B399-7BECA82C7AED}.Debug|iPhone.Deploy.0 = Debug|Any CPU
		{F9120190-7220-427F-B399-7BECA82C7AED}.Debug|iPhoneSimulator.ActiveCfg = Debug|Any CPU
		{F9120190-7220-427F-B399-7BECA82C7AED}.Debug|iPhoneSimulator.Build.0 = Debug|Any CPU
		{F9120190-7220-427F-B399-7BECA82C7AED}.Debug|iPhoneSimulator.Deploy.0 = Debug|Any CPU
		{F9120190-7220-427F-B399-7BECA82C7AED}.Debug|x64.ActiveCfg = Debug|Any CPU
		{F9120190-7220-427F-B399-7BECA82C7AED}.Debug|x64.Build.0 = Debug|Any CPU
		{F9120190-7220-427F-B399-7BECA82C7AED}.Debug|x64.Deploy.0 = Debug|Any CPU
		{F9120190-7220-427F-B399-7BECA82C7AED}.Debug|x86.ActiveCfg = Debug|Any CPU
		{F9120190-7220-427F-B399-7BECA82C7AED}.Debug|x86.Build.0 = Debug|Any CPU
		{F9120190-7220-427F-B399-7BECA82C7AED}.Debug|x86.Deploy.0 = Debug|Any CPU
		{F9120190-7220-427F-B399-7BECA82C7AED}.Release|Any CPU.ActiveCfg = Release|Any CPU
		{F9120190-7220-427F-B399-7BECA82C7AED}.Release|Any CPU.Build.0 = Release|Any CPU
		{F9120190-7220-427F-B399-7BECA82C7AED}.Release|Any CPU.Deploy.0 = Release|Any CPU
		{F9120190-7220-427F-B399-7BECA82C7AED}.Release|ARM.ActiveCfg = Release|Any CPU
		{F9120190-7220-427F-B399-7BECA82C7AED}.Release|ARM.Build.0 = Release|Any CPU
		{F9120190-7220-427F-B399-7BECA82C7AED}.Release|ARM.Deploy.0 = Release|Any CPU
		{F9120190-7220-427F-B399-7BECA82C7AED}.Release|iPhone.ActiveCfg = Release|Any CPU
		{F9120190-7220-427F-B399-7BECA82C7AED}.Release|iPhone.Build.0 = Release|Any CPU
		{F9120190-7220-427F-B399-7BECA82C7AED}.Release|iPhone.Deploy.0 = Release|Any CPU
		{F9120190-7220-427F-B399-7BECA82C7AED}.Release|iPhoneSimulator.ActiveCfg = Release|Any CPU
		{F9120190-7220-427F-B399-7BECA82C7AED}.Release|iPhoneSimulator.Build.0 = Release|Any CPU
		{F9120190-7220-427F-B399-7BECA82C7AED}.Release|iPhoneSimulator.Deploy.0 = Release|Any CPU
		{F9120190-7220-427F-B399-7BECA82C7AED}.Release|x64.ActiveCfg = Release|Any CPU
		{F9120190-7220-427F-B399-7BECA82C7AED}.Release|x64.Build.0 = Release|Any CPU
		{F9120190-7220-427F-B399-7BECA82C7AED}.Release|x64.Deploy.0 = Release|Any CPU
		{F9120190-7220-427F-B399-7BECA82C7AED}.Release|x86.ActiveCfg = Release|Any CPU
		{F9120190-7220-427F-B399-7BECA82C7AED}.Release|x86.Build.0 = Release|Any CPU
		{F9120190-7220-427F-B399-7BECA82C7AED}.Release|x86.Deploy.0 = Release|Any CPU
		{3CB69874-4C3C-48E7-A6E4-66EB9F3DFA08}.Ad-Hoc|Any CPU.ActiveCfg = Ad-Hoc|iPhone
		{3CB69874-4C3C-48E7-A6E4-66EB9F3DFA08}.Ad-Hoc|Any CPU.Build.0 = Ad-Hoc|iPhone
		{3CB69874-4C3C-48E7-A6E4-66EB9F3DFA08}.Ad-Hoc|Any CPU.Deploy.0 = Ad-Hoc|iPhone
		{3CB69874-4C3C-48E7-A6E4-66EB9F3DFA08}.Ad-Hoc|ARM.ActiveCfg = Ad-Hoc|iPhone
		{3CB69874-4C3C-48E7-A6E4-66EB9F3DFA08}.Ad-Hoc|ARM.Build.0 = Ad-Hoc|iPhone
		{3CB69874-4C3C-48E7-A6E4-66EB9F3DFA08}.Ad-Hoc|ARM.Deploy.0 = Ad-Hoc|iPhone
		{3CB69874-4C3C-48E7-A6E4-66EB9F3DFA08}.Ad-Hoc|iPhone.ActiveCfg = Ad-Hoc|iPhone
		{3CB69874-4C3C-48E7-A6E4-66EB9F3DFA08}.Ad-Hoc|iPhone.Build.0 = Ad-Hoc|iPhone
		{3CB69874-4C3C-48E7-A6E4-66EB9F3DFA08}.Ad-Hoc|iPhone.Deploy.0 = Ad-Hoc|iPhone
		{3CB69874-4C3C-48E7-A6E4-66EB9F3DFA08}.Ad-Hoc|iPhoneSimulator.ActiveCfg = Ad-Hoc|iPhoneSimulator
		{3CB69874-4C3C-48E7-A6E4-66EB9F3DFA08}.Ad-Hoc|iPhoneSimulator.Build.0 = Ad-Hoc|iPhoneSimulator
		{3CB69874-4C3C-48E7-A6E4-66EB9F3DFA08}.Ad-Hoc|iPhoneSimulator.Deploy.0 = Ad-Hoc|iPhoneSimulator
		{3CB69874-4C3C-48E7-A6E4-66EB9F3DFA08}.Ad-Hoc|x64.ActiveCfg = Ad-Hoc|iPhone
		{3CB69874-4C3C-48E7-A6E4-66EB9F3DFA08}.Ad-Hoc|x64.Build.0 = Ad-Hoc|iPhone
		{3CB69874-4C3C-48E7-A6E4-66EB9F3DFA08}.Ad-Hoc|x64.Deploy.0 = Ad-Hoc|iPhone
		{3CB69874-4C3C-48E7-A6E4-66EB9F3DFA08}.Ad-Hoc|x86.ActiveCfg = Ad-Hoc|iPhone
		{3CB69874-4C3C-48E7-A6E4-66EB9F3DFA08}.Ad-Hoc|x86.Build.0 = Ad-Hoc|iPhone
		{3CB69874-4C3C-48E7-A6E4-66EB9F3DFA08}.Ad-Hoc|x86.Deploy.0 = Ad-Hoc|iPhone
		{3CB69874-4C3C-48E7-A6E4-66EB9F3DFA08}.AppStore|Any CPU.ActiveCfg = AppStore|iPhone
		{3CB69874-4C3C-48E7-A6E4-66EB9F3DFA08}.AppStore|Any CPU.Build.0 = AppStore|iPhone
		{3CB69874-4C3C-48E7-A6E4-66EB9F3DFA08}.AppStore|Any CPU.Deploy.0 = AppStore|iPhone
		{3CB69874-4C3C-48E7-A6E4-66EB9F3DFA08}.AppStore|ARM.ActiveCfg = AppStore|iPhone
		{3CB69874-4C3C-48E7-A6E4-66EB9F3DFA08}.AppStore|ARM.Build.0 = AppStore|iPhone
		{3CB69874-4C3C-48E7-A6E4-66EB9F3DFA08}.AppStore|ARM.Deploy.0 = AppStore|iPhone
		{3CB69874-4C3C-48E7-A6E4-66EB9F3DFA08}.AppStore|iPhone.ActiveCfg = AppStore|iPhone
		{3CB69874-4C3C-48E7-A6E4-66EB9F3DFA08}.AppStore|iPhone.Build.0 = AppStore|iPhone
		{3CB69874-4C3C-48E7-A6E4-66EB9F3DFA08}.AppStore|iPhone.Deploy.0 = AppStore|iPhone
		{3CB69874-4C3C-48E7-A6E4-66EB9F3DFA08}.AppStore|iPhoneSimulator.ActiveCfg = AppStore|iPhoneSimulator
		{3CB69874-4C3C-48E7-A6E4-66EB9F3DFA08}.AppStore|iPhoneSimulator.Build.0 = AppStore|iPhoneSimulator
		{3CB69874-4C3C-48E7-A6E4-66EB9F3DFA08}.AppStore|iPhoneSimulator.Deploy.0 = AppStore|iPhoneSimulator
		{3CB69874-4C3C-48E7-A6E4-66EB9F3DFA08}.AppStore|x64.ActiveCfg = AppStore|iPhone
		{3CB69874-4C3C-48E7-A6E4-66EB9F3DFA08}.AppStore|x64.Build.0 = AppStore|iPhone
		{3CB69874-4C3C-48E7-A6E4-66EB9F3DFA08}.AppStore|x64.Deploy.0 = AppStore|iPhone
		{3CB69874-4C3C-48E7-A6E4-66EB9F3DFA08}.AppStore|x86.ActiveCfg = AppStore|iPhone
		{3CB69874-4C3C-48E7-A6E4-66EB9F3DFA08}.AppStore|x86.Build.0 = AppStore|iPhone
		{3CB69874-4C3C-48E7-A6E4-66EB9F3DFA08}.AppStore|x86.Deploy.0 = AppStore|iPhone
		{3CB69874-4C3C-48E7-A6E4-66EB9F3DFA08}.Debug|Any CPU.ActiveCfg = Debug|iPhoneSimulator
		{3CB69874-4C3C-48E7-A6E4-66EB9F3DFA08}.Debug|Any CPU.Build.0 = Debug|iPhoneSimulator
		{3CB69874-4C3C-48E7-A6E4-66EB9F3DFA08}.Debug|Any CPU.Deploy.0 = Debug|iPhoneSimulator
		{3CB69874-4C3C-48E7-A6E4-66EB9F3DFA08}.Debug|ARM.ActiveCfg = Debug|iPhone
		{3CB69874-4C3C-48E7-A6E4-66EB9F3DFA08}.Debug|ARM.Build.0 = Debug|iPhone
		{3CB69874-4C3C-48E7-A6E4-66EB9F3DFA08}.Debug|ARM.Deploy.0 = Debug|iPhone
		{3CB69874-4C3C-48E7-A6E4-66EB9F3DFA08}.Debug|iPhone.ActiveCfg = Debug|iPhone
		{3CB69874-4C3C-48E7-A6E4-66EB9F3DFA08}.Debug|iPhone.Build.0 = Debug|iPhone
		{3CB69874-4C3C-48E7-A6E4-66EB9F3DFA08}.Debug|iPhone.Deploy.0 = Debug|iPhone
		{3CB69874-4C3C-48E7-A6E4-66EB9F3DFA08}.Debug|iPhoneSimulator.ActiveCfg = Debug|iPhoneSimulator
		{3CB69874-4C3C-48E7-A6E4-66EB9F3DFA08}.Debug|iPhoneSimulator.Build.0 = Debug|iPhoneSimulator
		{3CB69874-4C3C-48E7-A6E4-66EB9F3DFA08}.Debug|iPhoneSimulator.Deploy.0 = Debug|iPhoneSimulator
		{3CB69874-4C3C-48E7-A6E4-66EB9F3DFA08}.Debug|x64.ActiveCfg = Debug|iPhone
		{3CB69874-4C3C-48E7-A6E4-66EB9F3DFA08}.Debug|x64.Build.0 = Debug|iPhone
		{3CB69874-4C3C-48E7-A6E4-66EB9F3DFA08}.Debug|x64.Deploy.0 = Debug|iPhone
		{3CB69874-4C3C-48E7-A6E4-66EB9F3DFA08}.Debug|x86.ActiveCfg = Debug|iPhone
		{3CB69874-4C3C-48E7-A6E4-66EB9F3DFA08}.Debug|x86.Build.0 = Debug|iPhone
		{3CB69874-4C3C-48E7-A6E4-66EB9F3DFA08}.Debug|x86.Deploy.0 = Debug|iPhone
		{3CB69874-4C3C-48E7-A6E4-66EB9F3DFA08}.Release|Any CPU.ActiveCfg = Release|iPhone
		{3CB69874-4C3C-48E7-A6E4-66EB9F3DFA08}.Release|Any CPU.Build.0 = Release|iPhone
		{3CB69874-4C3C-48E7-A6E4-66EB9F3DFA08}.Release|Any CPU.Deploy.0 = Release|iPhone
		{3CB69874-4C3C-48E7-A6E4-66EB9F3DFA08}.Release|ARM.ActiveCfg = Release|iPhone
		{3CB69874-4C3C-48E7-A6E4-66EB9F3DFA08}.Release|ARM.Build.0 = Release|iPhone
		{3CB69874-4C3C-48E7-A6E4-66EB9F3DFA08}.Release|ARM.Deploy.0 = Release|iPhone
		{3CB69874-4C3C-48E7-A6E4-66EB9F3DFA08}.Release|iPhone.ActiveCfg = Release|iPhone
		{3CB69874-4C3C-48E7-A6E4-66EB9F3DFA08}.Release|iPhone.Build.0 = Release|iPhone
		{3CB69874-4C3C-48E7-A6E4-66EB9F3DFA08}.Release|iPhone.Deploy.0 = Release|iPhone
		{3CB69874-4C3C-48E7-A6E4-66EB9F3DFA08}.Release|iPhoneSimulator.ActiveCfg = Release|iPhoneSimulator
		{3CB69874-4C3C-48E7-A6E4-66EB9F3DFA08}.Release|iPhoneSimulator.Build.0 = Release|iPhoneSimulator
		{3CB69874-4C3C-48E7-A6E4-66EB9F3DFA08}.Release|iPhoneSimulator.Deploy.0 = Release|iPhoneSimulator
		{3CB69874-4C3C-48E7-A6E4-66EB9F3DFA08}.Release|x64.ActiveCfg = Release|iPhone
		{3CB69874-4C3C-48E7-A6E4-66EB9F3DFA08}.Release|x64.Build.0 = Release|iPhone
		{3CB69874-4C3C-48E7-A6E4-66EB9F3DFA08}.Release|x64.Deploy.0 = Release|iPhone
		{3CB69874-4C3C-48E7-A6E4-66EB9F3DFA08}.Release|x86.ActiveCfg = Release|iPhone
		{3CB69874-4C3C-48E7-A6E4-66EB9F3DFA08}.Release|x86.Build.0 = Release|iPhone
		{3CB69874-4C3C-48E7-A6E4-66EB9F3DFA08}.Release|x86.Deploy.0 = Release|iPhone
		{52F22F0E-4BE1-42DC-9D0E-ADAE37AEF6D5}.Ad-Hoc|Any CPU.ActiveCfg = Release|x86
		{52F22F0E-4BE1-42DC-9D0E-ADAE37AEF6D5}.Ad-Hoc|Any CPU.Build.0 = Release|x86
		{52F22F0E-4BE1-42DC-9D0E-ADAE37AEF6D5}.Ad-Hoc|Any CPU.Deploy.0 = Release|x86
		{52F22F0E-4BE1-42DC-9D0E-ADAE37AEF6D5}.Ad-Hoc|ARM.ActiveCfg = Release|ARM
		{52F22F0E-4BE1-42DC-9D0E-ADAE37AEF6D5}.Ad-Hoc|ARM.Build.0 = Release|ARM
		{52F22F0E-4BE1-42DC-9D0E-ADAE37AEF6D5}.Ad-Hoc|ARM.Deploy.0 = Release|ARM
		{52F22F0E-4BE1-42DC-9D0E-ADAE37AEF6D5}.Ad-Hoc|iPhone.ActiveCfg = Release|x86
		{52F22F0E-4BE1-42DC-9D0E-ADAE37AEF6D5}.Ad-Hoc|iPhone.Build.0 = Release|x86
		{52F22F0E-4BE1-42DC-9D0E-ADAE37AEF6D5}.Ad-Hoc|iPhone.Deploy.0 = Release|x86
		{52F22F0E-4BE1-42DC-9D0E-ADAE37AEF6D5}.Ad-Hoc|iPhoneSimulator.ActiveCfg = Release|x86
		{52F22F0E-4BE1-42DC-9D0E-ADAE37AEF6D5}.Ad-Hoc|iPhoneSimulator.Build.0 = Release|x86
		{52F22F0E-4BE1-42DC-9D0E-ADAE37AEF6D5}.Ad-Hoc|iPhoneSimulator.Deploy.0 = Release|x86
		{52F22F0E-4BE1-42DC-9D0E-ADAE37AEF6D5}.Ad-Hoc|x64.ActiveCfg = Release|x64
		{52F22F0E-4BE1-42DC-9D0E-ADAE37AEF6D5}.Ad-Hoc|x64.Build.0 = Release|x64
		{52F22F0E-4BE1-42DC-9D0E-ADAE37AEF6D5}.Ad-Hoc|x64.Deploy.0 = Release|x64
		{52F22F0E-4BE1-42DC-9D0E-ADAE37AEF6D5}.Ad-Hoc|x86.ActiveCfg = Release|x86
		{52F22F0E-4BE1-42DC-9D0E-ADAE37AEF6D5}.Ad-Hoc|x86.Build.0 = Release|x86
		{52F22F0E-4BE1-42DC-9D0E-ADAE37AEF6D5}.Ad-Hoc|x86.Deploy.0 = Release|x86
		{52F22F0E-4BE1-42DC-9D0E-ADAE37AEF6D5}.AppStore|Any CPU.ActiveCfg = Release|x86
		{52F22F0E-4BE1-42DC-9D0E-ADAE37AEF6D5}.AppStore|Any CPU.Build.0 = Release|x86
		{52F22F0E-4BE1-42DC-9D0E-ADAE37AEF6D5}.AppStore|Any CPU.Deploy.0 = Release|x86
		{52F22F0E-4BE1-42DC-9D0E-ADAE37AEF6D5}.AppStore|ARM.ActiveCfg = Release|ARM
		{52F22F0E-4BE1-42DC-9D0E-ADAE37AEF6D5}.AppStore|ARM.Build.0 = Release|ARM
		{52F22F0E-4BE1-42DC-9D0E-ADAE37AEF6D5}.AppStore|ARM.Deploy.0 = Release|ARM
		{52F22F0E-4BE1-42DC-9D0E-ADAE37AEF6D5}.AppStore|iPhone.ActiveCfg = Release|x86
		{52F22F0E-4BE1-42DC-9D0E-ADAE37AEF6D5}.AppStore|iPhone.Build.0 = Release|x86
		{52F22F0E-4BE1-42DC-9D0E-ADAE37AEF6D5}.AppStore|iPhone.Deploy.0 = Release|x86
		{52F22F0E-4BE1-42DC-9D0E-ADAE37AEF6D5}.AppStore|iPhoneSimulator.ActiveCfg = Release|x86
		{52F22F0E-4BE1-42DC-9D0E-ADAE37AEF6D5}.AppStore|iPhoneSimulator.Build.0 = Release|x86
		{52F22F0E-4BE1-42DC-9D0E-ADAE37AEF6D5}.AppStore|iPhoneSimulator.Deploy.0 = Release|x86
		{52F22F0E-4BE1-42DC-9D0E-ADAE37AEF6D5}.AppStore|x64.ActiveCfg = Release|x64
		{52F22F0E-4BE1-42DC-9D0E-ADAE37AEF6D5}.AppStore|x64.Build.0 = Release|x64
		{52F22F0E-4BE1-42DC-9D0E-ADAE37AEF6D5}.AppStore|x64.Deploy.0 = Release|x64
		{52F22F0E-4BE1-42DC-9D0E-ADAE37AEF6D5}.AppStore|x86.ActiveCfg = Release|x86
		{52F22F0E-4BE1-42DC-9D0E-ADAE37AEF6D5}.AppStore|x86.Build.0 = Release|x86
		{52F22F0E-4BE1-42DC-9D0E-ADAE37AEF6D5}.AppStore|x86.Deploy.0 = Release|x86
		{52F22F0E-4BE1-42DC-9D0E-ADAE37AEF6D5}.Debug|Any CPU.ActiveCfg = Debug|x86
		{52F22F0E-4BE1-42DC-9D0E-ADAE37AEF6D5}.Debug|Any CPU.Build.0 = Debug|x86
		{52F22F0E-4BE1-42DC-9D0E-ADAE37AEF6D5}.Debug|Any CPU.Deploy.0 = Debug|x86
		{52F22F0E-4BE1-42DC-9D0E-ADAE37AEF6D5}.Debug|ARM.ActiveCfg = Debug|ARM
		{52F22F0E-4BE1-42DC-9D0E-ADAE37AEF6D5}.Debug|ARM.Build.0 = Debug|ARM
		{52F22F0E-4BE1-42DC-9D0E-ADAE37AEF6D5}.Debug|ARM.Deploy.0 = Debug|ARM
		{52F22F0E-4BE1-42DC-9D0E-ADAE37AEF6D5}.Debug|iPhone.ActiveCfg = Debug|x86
		{52F22F0E-4BE1-42DC-9D0E-ADAE37AEF6D5}.Debug|iPhone.Build.0 = Debug|x86
		{52F22F0E-4BE1-42DC-9D0E-ADAE37AEF6D5}.Debug|iPhone.Deploy.0 = Debug|x86
		{52F22F0E-4BE1-42DC-9D0E-ADAE37AEF6D5}.Debug|iPhoneSimulator.ActiveCfg = Debug|x86
		{52F22F0E-4BE1-42DC-9D0E-ADAE37AEF6D5}.Debug|iPhoneSimulator.Build.0 = Debug|x86
		{52F22F0E-4BE1-42DC-9D0E-ADAE37AEF6D5}.Debug|iPhoneSimulator.Deploy.0 = Debug|x86
		{52F22F0E-4BE1-42DC-9D0E-ADAE37AEF6D5}.Debug|x64.ActiveCfg = Debug|x64
		{52F22F0E-4BE1-42DC-9D0E-ADAE37AEF6D5}.Debug|x64.Build.0 = Debug|x64
		{52F22F0E-4BE1-42DC-9D0E-ADAE37AEF6D5}.Debug|x64.Deploy.0 = Debug|x64
		{52F22F0E-4BE1-42DC-9D0E-ADAE37AEF6D5}.Debug|x86.ActiveCfg = Debug|x86
		{52F22F0E-4BE1-42DC-9D0E-ADAE37AEF6D5}.Debug|x86.Build.0 = Debug|x86
		{52F22F0E-4BE1-42DC-9D0E-ADAE37AEF6D5}.Debug|x86.Deploy.0 = Debug|x86
		{52F22F0E-4BE1-42DC-9D0E-ADAE37AEF6D5}.Release|Any CPU.ActiveCfg = Release|x86
		{52F22F0E-4BE1-42DC-9D0E-ADAE37AEF6D5}.Release|Any CPU.Build.0 = Release|x86
		{52F22F0E-4BE1-42DC-9D0E-ADAE37AEF6D5}.Release|Any CPU.Deploy.0 = Release|x86
		{52F22F0E-4BE1-42DC-9D0E-ADAE37AEF6D5}.Release|ARM.ActiveCfg = Release|ARM
		{52F22F0E-4BE1-42DC-9D0E-ADAE37AEF6D5}.Release|ARM.Build.0 = Release|ARM
		{52F22F0E-4BE1-42DC-9D0E-ADAE37AEF6D5}.Release|ARM.Deploy.0 = Release|ARM
		{52F22F0E-4BE1-42DC-9D0E-ADAE37AEF6D5}.Release|iPhone.ActiveCfg = Release|x86
		{52F22F0E-4BE1-42DC-9D0E-ADAE37AEF6D5}.Release|iPhone.Build.0 = Release|x86
		{52F22F0E-4BE1-42DC-9D0E-ADAE37AEF6D5}.Release|iPhone.Deploy.0 = Release|x86
		{52F22F0E-4BE1-42DC-9D0E-ADAE37AEF6D5}.Release|iPhoneSimulator.ActiveCfg = Release|x86
		{52F22F0E-4BE1-42DC-9D0E-ADAE37AEF6D5}.Release|iPhoneSimulator.Build.0 = Release|x86
		{52F22F0E-4BE1-42DC-9D0E-ADAE37AEF6D5}.Release|iPhoneSimulator.Deploy.0 = Release|x86
		{52F22F0E-4BE1-42DC-9D0E-ADAE37AEF6D5}.Release|x64.ActiveCfg = Release|x64
		{52F22F0E-4BE1-42DC-9D0E-ADAE37AEF6D5}.Release|x64.Build.0 = Release|x64
		{52F22F0E-4BE1-42DC-9D0E-ADAE37AEF6D5}.Release|x64.Deploy.0 = Release|x64
		{52F22F0E-4BE1-42DC-9D0E-ADAE37AEF6D5}.Release|x86.ActiveCfg = Release|x86
		{52F22F0E-4BE1-42DC-9D0E-ADAE37AEF6D5}.Release|x86.Build.0 = Release|x86
		{52F22F0E-4BE1-42DC-9D0E-ADAE37AEF6D5}.Release|x86.Deploy.0 = Release|x86
		{04DD66CD-CA51-4BC2-9AA3-D56B5652CBCF}.Ad-Hoc|Any CPU.ActiveCfg = Debug|Any CPU
		{04DD66CD-CA51-4BC2-9AA3-D56B5652CBCF}.Ad-Hoc|Any CPU.Build.0 = Debug|Any CPU
		{04DD66CD-CA51-4BC2-9AA3-D56B5652CBCF}.Ad-Hoc|Any CPU.Deploy.0 = Debug|Any CPU
		{04DD66CD-CA51-4BC2-9AA3-D56B5652CBCF}.Ad-Hoc|ARM.ActiveCfg = Debug|Any CPU
		{04DD66CD-CA51-4BC2-9AA3-D56B5652CBCF}.Ad-Hoc|ARM.Build.0 = Debug|Any CPU
		{04DD66CD-CA51-4BC2-9AA3-D56B5652CBCF}.Ad-Hoc|ARM.Deploy.0 = Debug|Any CPU
		{04DD66CD-CA51-4BC2-9AA3-D56B5652CBCF}.Ad-Hoc|iPhone.ActiveCfg = Debug|Any CPU
		{04DD66CD-CA51-4BC2-9AA3-D56B5652CBCF}.Ad-Hoc|iPhone.Build.0 = Debug|Any CPU
		{04DD66CD-CA51-4BC2-9AA3-D56B5652CBCF}.Ad-Hoc|iPhone.Deploy.0 = Debug|Any CPU
		{04DD66CD-CA51-4BC2-9AA3-D56B5652CBCF}.Ad-Hoc|iPhoneSimulator.ActiveCfg = Debug|Any CPU
		{04DD66CD-CA51-4BC2-9AA3-D56B5652CBCF}.Ad-Hoc|iPhoneSimulator.Build.0 = Debug|Any CPU
		{04DD66CD-CA51-4BC2-9AA3-D56B5652CBCF}.Ad-Hoc|iPhoneSimulator.Deploy.0 = Debug|Any CPU
		{04DD66CD-CA51-4BC2-9AA3-D56B5652CBCF}.Ad-Hoc|x64.ActiveCfg = Debug|Any CPU
		{04DD66CD-CA51-4BC2-9AA3-D56B5652CBCF}.Ad-Hoc|x64.Build.0 = Debug|Any CPU
		{04DD66CD-CA51-4BC2-9AA3-D56B5652CBCF}.Ad-Hoc|x64.Deploy.0 = Debug|Any CPU
		{04DD66CD-CA51-4BC2-9AA3-D56B5652CBCF}.Ad-Hoc|x86.ActiveCfg = Debug|Any CPU
		{04DD66CD-CA51-4BC2-9AA3-D56B5652CBCF}.Ad-Hoc|x86.Build.0 = Debug|Any CPU
		{04DD66CD-CA51-4BC2-9AA3-D56B5652CBCF}.Ad-Hoc|x86.Deploy.0 = Debug|Any CPU
		{04DD66CD-CA51-4BC2-9AA3-D56B5652CBCF}.AppStore|Any CPU.ActiveCfg = Debug|Any CPU
		{04DD66CD-CA51-4BC2-9AA3-D56B5652CBCF}.AppStore|Any CPU.Build.0 = Debug|Any CPU
		{04DD66CD-CA51-4BC2-9AA3-D56B5652CBCF}.AppStore|Any CPU.Deploy.0 = Debug|Any CPU
		{04DD66CD-CA51-4BC2-9AA3-D56B5652CBCF}.AppStore|ARM.ActiveCfg = Debug|Any CPU
		{04DD66CD-CA51-4BC2-9AA3-D56B5652CBCF}.AppStore|ARM.Build.0 = Debug|Any CPU
		{04DD66CD-CA51-4BC2-9AA3-D56B5652CBCF}.AppStore|ARM.Deploy.0 = Debug|Any CPU
		{04DD66CD-CA51-4BC2-9AA3-D56B5652CBCF}.AppStore|iPhone.ActiveCfg = Debug|Any CPU
		{04DD66CD-CA51-4BC2-9AA3-D56B5652CBCF}.AppStore|iPhone.Build.0 = Debug|Any CPU
		{04DD66CD-CA51-4BC2-9AA3-D56B5652CBCF}.AppStore|iPhone.Deploy.0 = Debug|Any CPU
		{04DD66CD-CA51-4BC2-9AA3-D56B5652CBCF}.AppStore|iPhoneSimulator.ActiveCfg = Debug|Any CPU
		{04DD66CD-CA51-4BC2-9AA3-D56B5652CBCF}.AppStore|iPhoneSimulator.Build.0 = Debug|Any CPU
		{04DD66CD-CA51-4BC2-9AA3-D56B5652CBCF}.AppStore|iPhoneSimulator.Deploy.0 = Debug|Any CPU
		{04DD66CD-CA51-4BC2-9AA3-D56B5652CBCF}.AppStore|x64.ActiveCfg = Debug|Any CPU
		{04DD66CD-CA51-4BC2-9AA3-D56B5652CBCF}.AppStore|x64.Build.0 = Debug|Any CPU
		{04DD66CD-CA51-4BC2-9AA3-D56B5652CBCF}.AppStore|x64.Deploy.0 = Debug|Any CPU
		{04DD66CD-CA51-4BC2-9AA3-D56B5652CBCF}.AppStore|x86.ActiveCfg = Debug|Any CPU
		{04DD66CD-CA51-4BC2-9AA3-D56B5652CBCF}.AppStore|x86.Build.0 = Debug|Any CPU
		{04DD66CD-CA51-4BC2-9AA3-D56B5652CBCF}.AppStore|x86.Deploy.0 = Debug|Any CPU
		{04DD66CD-CA51-4BC2-9AA3-D56B5652CBCF}.Debug|Any CPU.ActiveCfg = Debug|Any CPU
		{04DD66CD-CA51-4BC2-9AA3-D56B5652CBCF}.Debug|Any CPU.Build.0 = Debug|Any CPU
		{04DD66CD-CA51-4BC2-9AA3-D56B5652CBCF}.Debug|Any CPU.Deploy.0 = Debug|Any CPU
		{04DD66CD-CA51-4BC2-9AA3-D56B5652CBCF}.Debug|ARM.ActiveCfg = Debug|Any CPU
		{04DD66CD-CA51-4BC2-9AA3-D56B5652CBCF}.Debug|ARM.Build.0 = Debug|Any CPU
		{04DD66CD-CA51-4BC2-9AA3-D56B5652CBCF}.Debug|ARM.Deploy.0 = Debug|Any CPU
		{04DD66CD-CA51-4BC2-9AA3-D56B5652CBCF}.Debug|iPhone.ActiveCfg = Debug|Any CPU
		{04DD66CD-CA51-4BC2-9AA3-D56B5652CBCF}.Debug|iPhone.Build.0 = Debug|Any CPU
		{04DD66CD-CA51-4BC2-9AA3-D56B5652CBCF}.Debug|iPhone.Deploy.0 = Debug|Any CPU
		{04DD66CD-CA51-4BC2-9AA3-D56B5652CBCF}.Debug|iPhoneSimulator.ActiveCfg = Debug|Any CPU
		{04DD66CD-CA51-4BC2-9AA3-D56B5652CBCF}.Debug|iPhoneSimulator.Build.0 = Debug|Any CPU
		{04DD66CD-CA51-4BC2-9AA3-D56B5652CBCF}.Debug|iPhoneSimulator.Deploy.0 = Debug|Any CPU
		{04DD66CD-CA51-4BC2-9AA3-D56B5652CBCF}.Debug|x64.ActiveCfg = Debug|Any CPU
		{04DD66CD-CA51-4BC2-9AA3-D56B5652CBCF}.Debug|x64.Build.0 = Debug|Any CPU
		{04DD66CD-CA51-4BC2-9AA3-D56B5652CBCF}.Debug|x64.Deploy.0 = Debug|Any CPU
		{04DD66CD-CA51-4BC2-9AA3-D56B5652CBCF}.Debug|x86.ActiveCfg = Debug|Any CPU
		{04DD66CD-CA51-4BC2-9AA3-D56B5652CBCF}.Debug|x86.Build.0 = Debug|Any CPU
		{04DD66CD-CA51-4BC2-9AA3-D56B5652CBCF}.Debug|x86.Deploy.0 = Debug|Any CPU
		{04DD66CD-CA51-4BC2-9AA3-D56B5652CBCF}.Release|Any CPU.ActiveCfg = Release|Any CPU
		{04DD66CD-CA51-4BC2-9AA3-D56B5652CBCF}.Release|Any CPU.Build.0 = Release|Any CPU
		{04DD66CD-CA51-4BC2-9AA3-D56B5652CBCF}.Release|Any CPU.Deploy.0 = Release|Any CPU
		{04DD66CD-CA51-4BC2-9AA3-D56B5652CBCF}.Release|ARM.ActiveCfg = Release|Any CPU
		{04DD66CD-CA51-4BC2-9AA3-D56B5652CBCF}.Release|ARM.Build.0 = Release|Any CPU
		{04DD66CD-CA51-4BC2-9AA3-D56B5652CBCF}.Release|ARM.Deploy.0 = Release|Any CPU
		{04DD66CD-CA51-4BC2-9AA3-D56B5652CBCF}.Release|iPhone.ActiveCfg = Release|Any CPU
		{04DD66CD-CA51-4BC2-9AA3-D56B5652CBCF}.Release|iPhone.Build.0 = Release|Any CPU
		{04DD66CD-CA51-4BC2-9AA3-D56B5652CBCF}.Release|iPhone.Deploy.0 = Release|Any CPU
		{04DD66CD-CA51-4BC2-9AA3-D56B5652CBCF}.Release|iPhoneSimulator.ActiveCfg = Release|Any CPU
		{04DD66CD-CA51-4BC2-9AA3-D56B5652CBCF}.Release|iPhoneSimulator.Build.0 = Release|Any CPU
		{04DD66CD-CA51-4BC2-9AA3-D56B5652CBCF}.Release|iPhoneSimulator.Deploy.0 = Release|Any CPU
		{04DD66CD-CA51-4BC2-9AA3-D56B5652CBCF}.Release|x64.ActiveCfg = Release|Any CPU
		{04DD66CD-CA51-4BC2-9AA3-D56B5652CBCF}.Release|x64.Build.0 = Release|Any CPU
		{04DD66CD-CA51-4BC2-9AA3-D56B5652CBCF}.Release|x64.Deploy.0 = Release|Any CPU
		{04DD66CD-CA51-4BC2-9AA3-D56B5652CBCF}.Release|x86.ActiveCfg = Release|Any CPU
		{04DD66CD-CA51-4BC2-9AA3-D56B5652CBCF}.Release|x86.Build.0 = Release|Any CPU
		{04DD66CD-CA51-4BC2-9AA3-D56B5652CBCF}.Release|x86.Deploy.0 = Release|Any CPU
	EndGlobalSection
	GlobalSection(SolutionProperties) = preSolution
		HideSolutionNode = FALSE
	EndGlobalSection
	GlobalSection(ExtensibilityGlobals) = postSolution
		SolutionGuid = {3EB9FE26-02B2-4480-945C-C69FA202F1A3}
	EndGlobalSection
EndGlobal
